
Microsoft Visual Studio Solution File, Format Version 12.00
# Visual Studio Version 17
VisualStudioVersion = 17.3.32922.545
MinimumVisualStudioVersion = 10.0.40219.1
Project("{8BC9CEB8-8B4A-11D0-8D11-00A0C91BC942}") = "StatelessShufflingGrouping", "StatelessShufflingGrouping.vcxproj", "{C6E911A2-1C6D-4626-9349-0AB65F5784BA}"
EndProject
Global
	GlobalSection(SolutionConfigurationPlatforms) = preSolution
		Debug|x64 = Debug|x64
		Release|x64 = Release|x64
	EndGlobalSection
	GlobalSection(ProjectConfigurationPlatforms) = postSolution
		{C6E911A2-1C6D-4626-9349-0AB65F5784BA}.Debug|x64.ActiveCfg = Debug|x64
		{C6E911A2-1C6D-4626-9349-0AB65F5784BA}.Debug|x64.Build.0 = Debug|x64
		{C6E911A2-1C6D-4626-9349-0AB65F5784BA}.Release|x64.ActiveCfg = Release|x64
		{C6E911A2-1C6D-4626-9349-0AB65F5784BA}.Release|x64.Build.0 = Release|x64
	EndGlobalSection
	GlobalSection(SolutionProperties) = preSolution
		HideSolutionNode = FALSE
	EndGlobalSection
	GlobalSection(ExtensibilityGlobals) = postSolution
		SolutionGuid = {236A6ADE-C8B0-4C80-8918-0B0C5A4CF024}
	EndGlobalSection
EndGlobal
